// !$*UTF8*$!
{
	archiveVersion = 1;
	classes = {
	};
	objectVersion = 50;
	objects = {

/* Begin PBXBuildFile section */
		5440278F23FB070900AEE6ED /* AppDelegate.swift in Sources */ = {isa = PBXBuildFile; fileRef = 5440278E23FB070900AEE6ED /* AppDelegate.swift */; };
		5440279123FB070900AEE6ED /* SceneDelegate.swift in Sources */ = {isa = PBXBuildFile; fileRef = 5440279023FB070900AEE6ED /* SceneDelegate.swift */; };
		5440279323FB070900AEE6ED /* ViewController.swift in Sources */ = {isa = PBXBuildFile; fileRef = 5440279223FB070900AEE6ED /* ViewController.swift */; };
		5440279623FB070900AEE6ED /* Main.storyboard in Resources */ = {isa = PBXBuildFile; fileRef = 5440279423FB070900AEE6ED /* Main.storyboard */; };
		5440279923FB070900AEE6ED /* brick.xcdatamodeld in Sources */ = {isa = PBXBuildFile; fileRef = 5440279723FB070900AEE6ED /* brick.xcdatamodeld */; };
		5440279B23FB070A00AEE6ED /* Assets.xcassets in Resources */ = {isa = PBXBuildFile; fileRef = 5440279A23FB070A00AEE6ED /* Assets.xcassets */; };
		5440279E23FB070A00AEE6ED /* LaunchScreen.storyboard in Resources */ = {isa = PBXBuildFile; fileRef = 5440279C23FB070A00AEE6ED /* LaunchScreen.storyboard */; };
		544027A623FB07BF00AEE6ED /* brick.swift in Sources */ = {isa = PBXBuildFile; fileRef = 544027A523FB07BF00AEE6ED /* brick.swift */; };
/* End PBXBuildFile section */

/* Begin PBXFileReference section */
		5440278B23FB070900AEE6ED /* brick.app */ = {isa = PBXFileReference; explicitFileType = wrapper.application; includeInIndex = 0; path = brick.app; sourceTree = BUILT_PRODUCTS_DIR; };
		5440278E23FB070900AEE6ED /* AppDelegate.swift */ = {isa = PBXFileReference; lastKnownFileType = sourcecode.swift; path = AppDelegate.swift; sourceTree = "<group>"; };
		5440279023FB070900AEE6ED /* SceneDelegate.swift */ = {isa = PBXFileReference; lastKnownFileType = sourcecode.swift; path = SceneDelegate.swift; sourceTree = "<group>"; };
		5440279223FB070900AEE6ED /* ViewController.swift */ = {isa = PBXFileReference; lastKnownFileType = sourcecode.swift; path = ViewController.swift; sourceTree = "<group>"; };
		5440279523FB070900AEE6ED /* Base */ = {isa = PBXFileReference; lastKnownFileType = file.storyboard; name = Base; path = Base.lproj/Main.storyboard; sourceTree = "<group>"; };
		5440279823FB070900AEE6ED /* brick.xcdatamodel */ = {isa = PBXFileReference; lastKnownFileType = wrapper.xcdatamodel; path = brick.xcdatamodel; sourceTree = "<group>"; };
		5440279A23FB070A00AEE6ED /* Assets.xcassets */ = {isa = PBXFileReference; lastKnownFileType = folder.assetcatalog; path = Assets.xcassets; sourceTree = "<group>"; };
		5440279D23FB070A00AEE6ED /* Base */ = {isa = PBXFileReference; lastKnownFileType = file.storyboard; name = Base; path = Base.lproj/LaunchScreen.storyboard; sourceTree = "<group>"; };
		5440279F23FB070A00AEE6ED /* Info.plist */ = {isa = PBXFileReference; lastKnownFileType = text.plist.xml; path = Info.plist; sourceTree = "<group>"; };
		544027A523FB07BF00AEE6ED /* brick.swift */ = {isa = PBXFileReference; lastKnownFileType = sourcecode.swift; path = brick.swift; sourceTree = "<group>"; };
/* End PBXFileReference section */

/* Begin PBXFrameworksBuildPhase section */
		5440278823FB070900AEE6ED /* Frameworks */ = {
			isa = PBXFrameworksBuildPhase;
			buildActionMask = 2147483647;
			files = (
			);
			runOnlyForDeploymentPostprocessing = 0;
		};
/* End PBXFrameworksBuildPhase section */

/* Begin PBXGroup section */
		5440278223FB070900AEE6ED = {
			isa = PBXGroup;
			children = (
				5440278D23FB070900AEE6ED /* brick */,
				5440278C23FB070900AEE6ED /* Products */,
			);
			sourceTree = "<group>";
		};
		5440278C23FB070900AEE6ED /* Products */ = {
			isa = PBXGroup;
			children = (
				5440278B23FB070900AEE6ED /* brick.app */,
			);
			name = Products;
			sourceTree = "<group>";
		};
		5440278D23FB070900AEE6ED /* brick */ = {
			isa = PBXGroup;
			children = (
				5440278E23FB070900AEE6ED /* AppDelegate.swift */,
				5440279023FB070900AEE6ED /* SceneDelegate.swift */,
				5440279223FB070900AEE6ED /* ViewController.swift */,
				544027A523FB07BF00AEE6ED /* brick.swift */,
				5440279423FB070900AEE6ED /* Main.storyboard */,
				5440279A23FB070A00AEE6ED /* Assets.xcassets */,
				5440279C23FB070A00AEE6ED /* LaunchScreen.storyboard */,
				5440279F23FB070A00AEE6ED /* Info.plist */,
				5440279723FB070900AEE6ED /* brick.xcdatamodeld */,
			);
			path = brick;
			sourceTree = "<group>";
		};
/* End PBXGroup section */

/* Begin PBXNativeTarget section */
		5440278A23FB070900AEE6ED /* brick */ = {
			isa = PBXNativeTarget;
			buildConfigurationList = 544027A223FB070A00AEE6ED /* Build configuration list for PBXNativeTarget "brick" */;
			buildPhases = (
				5440278723FB070900AEE6ED /* Sources */,
				5440278823FB070900AEE6ED /* Frameworks */,
				5440278923FB070900AEE6ED /* Resources */,
			);
			buildRules = (
			);
			dependencies = (
			);
			name = brick;
			productName = brick;
			productReference = 5440278B23FB070900AEE6ED /* brick.app */;
			productType = "com.apple.product-type.application";
		};
/* End PBXNativeTarget section */

/* Begin PBXProject section */
		5440278323FB070900AEE6ED /* Project object */ = {
			isa = PBXProject;
			attributes = {
				LastSwiftUpdateCheck = 1130;
				LastUpgradeCheck = 1130;
				ORGANIZATIONNAME = Toan;
				TargetAttributes = {
					5440278A23FB070900AEE6ED = {
						CreatedOnToolsVersion = 11.3;
					};
				};
			};
			buildConfigurationList = 5440278623FB070900AEE6ED /* Build configuration list for PBXProject "brick" */;
			compatibilityVersion = "Xcode 9.3";
			developmentRegion = en;
			hasScannedForEncodings = 0;
			knownRegions = (
				en,
				Base,
			);
			mainGroup = 5440278223FB070900AEE6ED;
			productRefGroup = 5440278C23FB070900AEE6ED /* Products */;
			projectDirPath = "";
			projectRoot = "";
			targets = (
				5440278A23FB070900AEE6ED /* brick */,
			);
		};
/* End PBXProject section */

/* Begin PBXResourcesBuildPhase section */
		5440278923FB070900AEE6ED /* Resources */ = {
			isa = PBXResourcesBuildPhase;
			buildActionMask = 2147483647;
			files = (
				5440279E23FB070A00AEE6ED /* LaunchScreen.storyboard in Resources */,
				5440279B23FB070A00AEE6ED /* Assets.xcassets in Resources */,
				5440279623FB070900AEE6ED /* Main.storyboard in Resources */,
			);
			runOnlyForDeploymentPostprocessing = 0;
		};
/* End PBXResourcesBuildPhase section */

/* Begin PBXSourcesBuildPhase section */
		5440278723FB070900AEE6ED /* Sources */ = {
			isa = PBXSourcesBuildPhase;
			buildActionMask = 2147483647;
			files = (
				5440279323FB070900AEE6ED /* ViewController.swift in Sources */,
				5440279923FB070900AEE6ED /* brick.xcdatamodeld in Sources */,
				5440278F23FB070900AEE6ED /* AppDelegate.swift in Sources */,
				5440279123FB070900AEE6ED /* SceneDelegate.swift in Sources */,
				544027A623FB07BF00AEE6ED /* brick.swift in Sources */,
			);
			runOnlyForDeploymentPostprocessing = 0;
		};
/* End PBXSourcesBuildPhase section */

/* Begin PBXVariantGroup section */
		5440279423FB070900AEE6ED /* Main.storyboard */ = {
			isa = PBXVariantGroup;
			children = (
				5440279523FB070900AEE6ED /* Base */,
			);
			name = Main.storyboard;
			sourceTree = "<group>";
		};
		5440279C23FB070A00AEE6ED /* LaunchScreen.storyboard */ = {
			isa = PBXVariantGroup;
			children = (
				5440279D23FB070A00AEE6ED /* Base */,
			);
			name = LaunchScreen.storyboard;
			sourceTree = "<group>";
		};
/* End PBXVariantGroup section */

/* Begin XCBuildConfiguration section */
		544027A023FB070A00AEE6ED /* Debug */ = {
			isa = XCBuildConfiguration;
			buildSettings = {
				ALWAYS_SEARCH_USER_PATHS = NO;
				CLANG_ANALYZER_NONNULL = YES;
				CLANG_ANALYZER_NUMBER_OBJECT_CONVERSION = YES_AGGRESSIVE;
				CLANG_CXX_LANGUAGE_STANDARD = "gnu++14";
				CLANG_CXX_LIBRARY = "libc++";
				CLANG_ENABLE_MODULES = YES;
				CLANG_ENABLE_OBJC_ARC = YES;
				CLANG_ENABLE_OBJC_WEAK = YES;
				CLANG_WARN_BLOCK_CAPTURE_AUTORELEASING = YES;
				CLANG_WARN_BOOL_CONVERSION = YES;
				CLANG_WARN_COMMA = YES;
				CLANG_WARN_CONSTANT_CONVERSION = YES;
				CLANG_WARN_DEPRECATED_OBJC_IMPLEMENTATIONS = YES;
				CLANG_WARN_DIRECT_OBJC_ISA_USAGE = YES_ERROR;
				CLANG_WARN_DOCUMENTATION_COMMENTS = YES;
				CLANG_WARN_EMPTY_BODY = YES;
				CLANG_WARN_ENUM_CONVERSION = YES;
				CLANG_WARN_INFINITE_RECURSION = YES;
				CLANG_WARN_INT_CONVERSION = YES;
				CLANG_WARN_NON_LITERAL_NULL_CONVERSION = YES;
				CLANG_WARN_OBJC_IMPLICIT_RETAIN_SELF = YES;
				CLANG_WARN_OBJC_LITERAL_CONVERSION = YES;
				CLANG_WARN_OBJC_ROOT_CLASS = YES_ERROR;
				CLANG_WARN_RANGE_LOOP_ANALYSIS = YES;
				CLANG_WARN_STRICT_PROTOTYPES = YES;
				CLANG_WARN_SUSPICIOUS_MOVE = YES;
				CLANG_WARN_UNGUARDED_AVAILABILITY = YES_AGGRESSIVE;
				CLANG_WARN_UNREACHABLE_CODE = YES;
				CLANG_WARN__DUPLICATE_METHOD_MATCH = YES;
				COPY_PHASE_STRIP = NO;
				DEBUG_INFORMATION_FORMAT = dwarf;
				ENABLE_STRICT_OBJC_MSGSEND = YES;
				ENABLE_TESTABILITY = YES;
				GCC_C_LANGUAGE_STANDARD = gnu11;
				GCC_DYNAMIC_NO_PIC = NO;
				GCC_NO_COMMON_BLOCKS = YES;
				GCC_OPTIMIZATION_LEVEL = 0;
				GCC_PREPROCESSOR_DEFINITIONS = (
					"DEBUG=1",
					"$(inherited)",
				);
				GCC_WARN_64_TO_32_BIT_CONVERSION = YES;
				GCC_WARN_ABOUT_RETURN_TYPE = YES_ERROR;
				GCC_WARN_UNDECLARED_SELECTOR = YES;
				GCC_WARN_UNINITIALIZED_AUTOS = YES_AGGRESSIVE;
				GCC_WARN_UNUSED_FUNCTION = YES;
				GCC_WARN_UNUSED_VARIABLE = YES;
				IPHONEOS_DEPLOYMENT_TARGET = 13.2;
				MTL_ENABLE_DEBUG_INFO = INCLUDE_SOURCE;
				MTL_FAST_MATH = YES;
				ONLY_ACTIVE_ARCH = YES;
				SDKROOT = iphoneos;
				SWIFT_ACTIVE_COMPILATION_CONDITIONS = DEBUG;
				SWIFT_OPTIMIZATION_LEVEL = "-Onone";
			};
			name = Debug;
		};
		544027A123FB070A00AEE6ED /* Release */ = {
			isa = XCBuildConfiguration;
			buildSettings = {
				ALWAYS_SEARCH_USER_PATHS = NO;
				CLANG_ANALYZER_NONNULL = YES;
				CLANG_ANALYZER_NUMBER_OBJECT_CONVERSION = YES_AGGRESSIVE;
				CLANG_CXX_LANGUAGE_STANDARD = "gnu++14";
				CLANG_CXX_LIBRARY = "libc++";
				CLANG_ENABLE_MODULES = YES;
				CLANG_ENABLE_OBJC_ARC = YES;
				CLANG_ENABLE_OBJC_WEAK = YES;
				CLANG_WARN_BLOCK_CAPTURE_AUTORELEASING = YES;
				CLANG_WARN_BOOL_CONVERSION = YES;
				CLANG_WARN_COMMA = YES;
				CLANG_WARN_CONSTANT_CONVERSION = YES;
				CLANG_WARN_DEPRECATED_OBJC_IMPLEMENTATIONS = YES;
				CLANG_WARN_DIRECT_OBJC_ISA_USAGE = YES_ERROR;
				CLANG_WARN_DOCUMENTATION_COMMENTS = YES;
				CLANG_WARN_EMPTY_BODY = YES;
				CLANG_WARN_ENUM_CONVERSION = YES;
				CLANG_WARN_INFINITE_RECURSION = YES;
				CLANG_WARN_INT_CONVERSION = YES;
				CLANG_WARN_NON_LITERAL_NULL_CONVERSION = YES;
				CLANG_WARN_OBJC_IMPLICIT_RETAIN_SELF = YES;
				CLANG_WARN_OBJC_LITERAL_CONVERSION = YES;
				CLANG_WARN_OBJC_ROOT_CLASS = YES_ERROR;
				CLANG_WARN_RANGE_LOOP_ANALYSIS = YES;
				CLANG_WARN_STRICT_PROTOTYPES = YES;
				CLANG_WARN_SUSPICIOUS_MOVE = YES;
				CLANG_WARN_UNGUARDED_AVAILABILITY = YES_AGGRESSIVE;
				CLANG_WARN_UNREACHABLE_CODE = YES;
				CLANG_WARN__DUPLICATE_METHOD_MATCH = YES;
				COPY_PHASE_STRIP = NO;
				DEBUG_INFORMATION_FORMAT = "dwarf-with-dsym";
				ENABLE_NS_ASSERTIONS = NO;
				ENABLE_STRICT_OBJC_MSGSEND = YES;
				GCC_C_LANGUAGE_STANDARD = gnu11;
				GCC_NO_COMMON_BLOCKS = YES;
				GCC_WARN_64_TO_32_BIT_CONVERSION = YES;
				GCC_WARN_ABOUT_RETURN_TYPE = YES_ERROR;
				GCC_WARN_UNDECLARED_SELECTOR = YES;
				GCC_WARN_UNINITIALIZED_AUTOS = YES_AGGRESSIVE;
				GCC_WARN_UNUSED_FUNCTION = YES;
				GCC_WARN_UNUSED_VARIABLE = YES;
				IPHONEOS_DEPLOYMENT_TARGET = 13.2;
				MTL_ENABLE_DEBUG_INFO = NO;
				MTL_FAST_MATH = YES;
				SDKROOT = iphoneos;
				SWIFT_COMPILATION_MODE = wholemodule;
				SWIFT_OPTIMIZATION_LEVEL = "-O";
				VALIDATE_PRODUCT = YES;
			};
			name = Release;
		};
		544027A323FB070A00AEE6ED /* Debug */ = {
			isa = XCBuildConfiguration;
			buildSettings = {
				ASSETCATALOG_COMPILER_APPICON_NAME = AppIcon;
				CODE_SIGN_STYLE = Automatic;
				INFOPLIST_FILE = brick/Info.plist;
				LD_RUNPATH_SEARCH_PATHS = (
					"$(inherited)",
					"@executable_path/Frameworks",
				);
				PRODUCT_BUNDLE_IDENTIFIER = com.toannguyen.brick;
				PRODUCT_NAME = "$(TARGET_NAME)";
				SWIFT_VERSION = 5.0;
				TARGETED_DEVICE_FAMILY = "1,2";
			};
			name = Debug;
		};
		544027A423FB070A00AEE6ED /* Release */ = {
			isa = XCBuildConfiguration;
			buildSettings = {
				ASSETCATALOG_COMPILER_APPICON_NAME = AppIcon;
				CODE_SIGN_STYLE = Automatic;
				INFOPLIST_FILE = brick/Info.plist;
				LD_RUNPATH_SEARCH_PATHS = (
					"$(inherited)",
					"@executable_path/Frameworks",
				);
				PRODUCT_BUNDLE_IDENTIFIER = com.toannguyen.brick;
				PRODUCT_NAME = "$(TARGET_NAME)";
				SWIFT_VERSION = 5.0;
				TARGETED_DEVICE_FAMILY = "1,2";
			};
			name = Release;
		};
/* End XCBuildConfiguration section */

/* Begin XCConfigurationList section */
		5440278623FB070900AEE6ED /* Build configuration list for PBXProject "brick" */ = {
			isa = XCConfigurationList;
			buildConfigurations = (
				544027A023FB070A00AEE6ED /* Debug */,
				544027A123FB070A00AEE6ED /* Release */,
			);
			defaultConfigurationIsVisible = 0;
			defaultConfigurationName = Release;
		};
		544027A223FB070A00AEE6ED /* Build configuration list for PBXNativeTarget "brick" */ = {
			isa = XCConfigurationList;
			buildConfigurations = (
				544027A323FB070A00AEE6ED /* Debug */,
				544027A423FB070A00AEE6ED /* Release */,
			);
			defaultConfigurationIsVisible = 0;
			defaultConfigurationName = Release;
		};
/* End XCConfigurationList section */

/* Begin XCVersionGroup section */
		5440279723FB070900AEE6ED /* brick.xcdatamodeld */ = {
			isa = XCVersionGroup;
			children = (
				5440279823FB070900AEE6ED /* brick.xcdatamodel */,
			);
			currentVersion = 5440279823FB070900AEE6ED /* brick.xcdatamodel */;
			path = brick.xcdatamodeld;
			sourceTree = "<group>";
			versionGroupType = wrapper.xcdatamodel;
		};
/* End XCVersionGroup section */
	};
	rootObject = 5440278323FB070900AEE6ED /* Project object */;
}
